
Microsoft Visual Studio Solution File, Format Version 12.00
# Visual Studio Version 17
VisualStudioVersion = 17.14.36301.6 d17.14
MinimumVisualStudioVersion = 10.0.40219.1
Project("{FAE04EC0-301F-11D3-BF4B-00C04F79EFBC}") = "Assignment2", "Assignment2\Assignment2.csproj", "{E5BC6196-2957-42D6-A4BC-AF7DC470F9CE}"
EndProject
Global
	GlobalSection(SolutionConfigurationPlatforms) = preSolution
		Debug|Any CPU = Debug|Any CPU
		Release|Any CPU = Release|Any CPU
	EndGlobalSection
	GlobalSection(ProjectConfigurationPlatforms) = postSolution
		{E5BC6196-2957-42D6-A4BC-AF7DC470F9CE}.Debug|Any CPU.ActiveCfg = Debug|Any CPU
		{E5BC6196-2957-42D6-A4BC-AF7DC470F9CE}.Debug|Any CPU.Build.0 = Debug|Any CPU
		{E5BC6196-2957-42D6-A4BC-AF7DC470F9CE}.Release|Any CPU.ActiveCfg = Release|Any CPU
		{E5BC6196-2957-42D6-A4BC-AF7DC470F9CE}.Release|Any CPU.Build.0 = Release|Any CPU
	EndGlobalSection
	GlobalSection(SolutionProperties) = preSolution
		HideSolutionNode = FALSE
	EndGlobalSection
	GlobalSection(ExtensibilityGlobals) = postSolution
		SolutionGuid = {6C012686-83CB-4DE5-BBEB-6061D2AD2680}
	EndGlobalSection
EndGlobal
